
Microsoft Visual Studio Solution File, Format Version 12.00
# Visual Studio 15
VisualStudioVersion = 15.0.28307.572
MinimumVisualStudioVersion = 10.0.40219.1
Project("{FAE04EC0-301F-11D3-BF4B-00C04F79EFBC}") = "Server", "Server\Server.csproj", "{EE17FED6-AB4B-4963-BAD8-938C56840DF1}"
EndProject
Project("{FAE04EC0-301F-11D3-BF4B-00C04F79EFBC}") = "test", "test\test.csproj", "{B80F7951-9B61-4798-A5F4-82E9CCCF6A83}"
EndProject
Global
	GlobalSection(SolutionConfigurationPlatforms) = preSolution
		Debug|Any CPU = Debug|Any CPU
		Release|Any CPU = Release|Any CPU
	EndGlobalSection
	GlobalSection(ProjectConfigurationPlatforms) = postSolution
		{EE17FED6-AB4B-4963-BAD8-938C56840DF1}.Debug|Any CPU.ActiveCfg = Debug|Any CPU
		{EE17FED6-AB4B-4963-BAD8-938C56840DF1}.Debug|Any CPU.Build.0 = Debug|Any CPU
		{EE17FED6-AB4B-4963-BAD8-938C56840DF1}.Release|Any CPU.ActiveCfg = Release|Any CPU
		{EE17FED6-AB4B-4963-BAD8-938C56840DF1}.Release|Any CPU.Build.0 = Release|Any CPU
		{B80F7951-9B61-4798-A5F4-82E9CCCF6A83}.Debug|Any CPU.ActiveCfg = Debug|Any CPU
		{B80F7951-9B61-4798-A5F4-82E9CCCF6A83}.Debug|Any CPU.Build.0 = Debug|Any CPU
		{B80F7951-9B61-4798-A5F4-82E9CCCF6A83}.Release|Any CPU.ActiveCfg = Release|Any CPU
		{B80F7951-9B61-4798-A5F4-82E9CCCF6A83}.Release|Any CPU.Build.0 = Release|Any CPU
	EndGlobalSection
	GlobalSection(SolutionProperties) = preSolution
		HideSolutionNode = FALSE
	EndGlobalSection
	GlobalSection(ExtensibilityGlobals) = postSolution
		SolutionGuid = {B7032156-CB75-4A40-9951-EC5FE05305AD}
	EndGlobalSection
EndGlobal
